
Microsoft Visual Studio Solution File, Format Version 12.00
# Visual Studio 15
VisualStudioVersion = 15.0.28307.271
MinimumVisualStudioVersion = 10.0.40219.1
Project("{FAE04EC0-301F-11D3-BF4B-00C04F79EFBC}") = "Api.Identity", "Api.Identity\Api.Identity.csproj", "{1CB4AAE5-8D05-4269-B403-B9B91C0903AD}"
EndProject
Global
	GlobalSection(SolutionConfigurationPlatforms) = preSolution
		Debug|Any CPU = Debug|Any CPU
		Release|Any CPU = Release|Any CPU
	EndGlobalSection
	GlobalSection(ProjectConfigurationPlatforms) = postSolution
		{1CB4AAE5-8D05-4269-B403-B9B91C0903AD}.Debug|Any CPU.ActiveCfg = Debug|Any CPU
		{1CB4AAE5-8D05-4269-B403-B9B91C0903AD}.Debug|Any CPU.Build.0 = Debug|Any CPU
		{1CB4AAE5-8D05-4269-B403-B9B91C0903AD}.Release|Any CPU.ActiveCfg = Release|Any CPU
		{1CB4AAE5-8D05-4269-B403-B9B91C0903AD}.Release|Any CPU.Build.0 = Release|Any CPU
	EndGlobalSection
	GlobalSection(SolutionProperties) = preSolution
		HideSolutionNode = FALSE
	EndGlobalSection
	GlobalSection(ExtensibilityGlobals) = postSolution
		SolutionGuid = {4E41EE33-1EC4-4DD4-8C28-10F39733A798}
	EndGlobalSection
EndGlobal
